
Microsoft Visual Studio Solution File, Format Version 12.00
# Visual Studio 15
VisualStudioVersion = 15.0.28010.2046
MinimumVisualStudioVersion = 10.0.40219.1
Project("{FAE04EC0-301F-11D3-BF4B-00C04F79EFBC}") = "AutomatizacionResidencias", "AutomatizacionResidencias\AutomatizacionResidencias.csproj", "{BC2725D3-E5B7-49AD-BDE3-EA0379AF0CE2}"
EndProject
Project("{FAE04EC0-301F-11D3-BF4B-00C04F79EFBC}") = "AplicacionAlumnos", "AplicacionAlumnos\AplicacionAlumnos.csproj", "{31966291-6E77-4478-B8FA-185449519AD8}"
EndProject
Project("{FAE04EC0-301F-11D3-BF4B-00C04F79EFBC}") = "Administrador", "Administrador\Administrador.csproj", "{B757A513-E2F1-44C7-9449-24E2B537D45D}"
EndProject
Project("{54435603-DBB4-11D2-8724-00A0C9A8B90C}") = "Alumnos", "Alumnos\Alumnos.vdproj", "{4D48F91D-5D94-4BAE-B48D-68965EE54AFE}"
EndProject
Project("{54435603-DBB4-11D2-8724-00A0C9A8B90C}") = "Paneladministrador", "Paneladministrador\Paneladministrador.vdproj", "{EFA23561-7109-4CA7-9B35-EC5C00397D8F}"
EndProject
Global
	GlobalSection(SolutionConfigurationPlatforms) = preSolution
		Debug|Any CPU = Debug|Any CPU
		Release|Any CPU = Release|Any CPU
	EndGlobalSection
	GlobalSection(ProjectConfigurationPlatforms) = postSolution
		{BC2725D3-E5B7-49AD-BDE3-EA0379AF0CE2}.Debug|Any CPU.ActiveCfg = Debug|Any CPU
		{BC2725D3-E5B7-49AD-BDE3-EA0379AF0CE2}.Debug|Any CPU.Build.0 = Debug|Any CPU
		{BC2725D3-E5B7-49AD-BDE3-EA0379AF0CE2}.Release|Any CPU.ActiveCfg = Release|Any CPU
		{BC2725D3-E5B7-49AD-BDE3-EA0379AF0CE2}.Release|Any CPU.Build.0 = Release|Any CPU
		{31966291-6E77-4478-B8FA-185449519AD8}.Debug|Any CPU.ActiveCfg = Debug|Any CPU
		{31966291-6E77-4478-B8FA-185449519AD8}.Debug|Any CPU.Build.0 = Debug|Any CPU
		{31966291-6E77-4478-B8FA-185449519AD8}.Release|Any CPU.ActiveCfg = Release|Any CPU
		{31966291-6E77-4478-B8FA-185449519AD8}.Release|Any CPU.Build.0 = Release|Any CPU
		{B757A513-E2F1-44C7-9449-24E2B537D45D}.Debug|Any CPU.ActiveCfg = Debug|Any CPU
		{B757A513-E2F1-44C7-9449-24E2B537D45D}.Debug|Any CPU.Build.0 = Debug|Any CPU
		{B757A513-E2F1-44C7-9449-24E2B537D45D}.Release|Any CPU.ActiveCfg = Release|Any CPU
		{B757A513-E2F1-44C7-9449-24E2B537D45D}.Release|Any CPU.Build.0 = Release|Any CPU
		{4D48F91D-5D94-4BAE-B48D-68965EE54AFE}.Debug|Any CPU.ActiveCfg = Debug
		{4D48F91D-5D94-4BAE-B48D-68965EE54AFE}.Release|Any CPU.ActiveCfg = Release
		{EFA23561-7109-4CA7-9B35-EC5C00397D8F}.Debug|Any CPU.ActiveCfg = Debug
		{EFA23561-7109-4CA7-9B35-EC5C00397D8F}.Release|Any CPU.ActiveCfg = Release
	EndGlobalSection
	GlobalSection(SolutionProperties) = preSolution
		HideSolutionNode = FALSE
	EndGlobalSection
	GlobalSection(ExtensibilityGlobals) = postSolution
		SolutionGuid = {4DF996B9-ABB4-4393-B968-A930745A27E7}
	EndGlobalSection
EndGlobal
